{
  "name": "yadaguru-reminders",
  "version": "0.4.0",
  "dependencies": {
    "moment": {
      "version": "2.14.1",
      "from": "moment@2.14.1",
      "resolved": "https://registry.npmjs.org/moment/-/moment-2.14.1.tgz"
    },
    "yadaguru-data": {
      "version": "0.1.0",
      "from": "yadaguru-data@*",
      "resolved": "https://registry.npmjs.org/yadaguru-data/-/yadaguru-data-0.1.0.tgz",
      "dependencies": {
        "bcryptjs": {
          "version": "2.3.0",
          "from": "bcryptjs@2.3.0",
          "resolved": "https://registry.npmjs.org/bcryptjs/-/bcryptjs-2.3.0.tgz"
        },
        "bluebird": {
          "version": "3.4.1",
          "from": "bluebird@3.4.1",
          "resolved": "https://registry.npmjs.org/bluebird/-/bluebird-3.4.1.tgz"
        },
        "body-parser": {
          "version": "1.15.0",
          "from": "body-parser@1.15.0",
          "resolved": "https://registry.npmjs.org/body-parser/-/body-parser-1.15.0.tgz",
          "dependencies": {
            "bytes": {
              "version": "2.2.0",
              "from": "bytes@2.2.0",
              "resolved": "https://registry.npmjs.org/bytes/-/bytes-2.2.0.tgz"
            },
            "content-type": {
              "version": "1.0.2",
              "from": "content-type@>=1.0.1 <1.1.0",
              "resolved": "https://registry.npmjs.org/content-type/-/content-type-1.0.2.tgz"
            },
            "debug": {
              "version": "2.2.0",
              "from": "debug@>=2.2.0 <2.3.0",
              "resolved": "https://registry.npmjs.org/debug/-/debug-2.2.0.tgz",
              "dependencies": {
                "ms": {
                  "version": "0.7.1",
                  "from": "ms@0.7.1",
                  "resolved": "https://registry.npmjs.org/ms/-/ms-0.7.1.tgz"
                }
              }
            },
            "depd": {
              "version": "1.1.0",
              "from": "depd@>=1.1.0 <1.2.0",
              "resolved": "https://registry.npmjs.org/depd/-/depd-1.1.0.tgz"
            },
            "http-errors": {
              "version": "1.4.0",
              "from": "http-errors@>=1.4.0 <1.5.0",
              "resolved": "https://registry.npmjs.org/http-errors/-/http-errors-1.4.0.tgz",
              "dependencies": {
                "inherits": {
                  "version": "2.0.1",
                  "from": "inherits@2.0.1",
                  "resolved": "https://registry.npmjs.org/inherits/-/inherits-2.0.1.tgz"
                },
                "statuses": {
                  "version": "1.3.1",
                  "from": "statuses@>=1.2.1 <2.0.0",
                  "resolved": "https://registry.npmjs.org/statuses/-/statuses-1.3.1.tgz"
                }
              }
            },
            "iconv-lite": {
              "version": "0.4.13",
              "from": "iconv-lite@0.4.13",
              "resolved": "https://registry.npmjs.org/iconv-lite/-/iconv-lite-0.4.13.tgz"
            },
            "on-finished": {
              "version": "2.3.0",
              "from": "on-finished@>=2.3.0 <2.4.0",
              "resolved": "https://registry.npmjs.org/on-finished/-/on-finished-2.3.0.tgz",
              "dependencies": {
                "ee-first": {
                  "version": "1.1.1",
                  "from": "ee-first@1.1.1",
                  "resolved": "https://registry.npmjs.org/ee-first/-/ee-first-1.1.1.tgz"
                }
              }
            },
            "qs": {
              "version": "6.1.0",
              "from": "qs@6.1.0",
              "resolved": "https://registry.npmjs.org/qs/-/qs-6.1.0.tgz"
            },
            "raw-body": {
              "version": "2.1.7",
              "from": "raw-body@>=2.1.5 <2.2.0",
              "resolved": "https://registry.npmjs.org/raw-body/-/raw-body-2.1.7.tgz",
              "dependencies": {
                "bytes": {
                  "version": "2.4.0",
                  "from": "bytes@2.4.0",
                  "resolved": "https://registry.npmjs.org/bytes/-/bytes-2.4.0.tgz"
                },
                "unpipe": {
                  "version": "1.0.0",
                  "from": "unpipe@1.0.0",
                  "resolved": "https://registry.npmjs.org/unpipe/-/unpipe-1.0.0.tgz"
                }
              }
            },
            "type-is": {
              "version": "1.6.15",
              "from": "type-is@>=1.6.11 <1.7.0",
              "resolved": "https://registry.npmjs.org/type-is/-/type-is-1.6.15.tgz",
              "dependencies": {
                "media-typer": {
                  "version": "0.3.0",
                  "from": "media-typer@0.3.0",
                  "resolved": "https://registry.npmjs.org/media-typer/-/media-typer-0.3.0.tgz"
                },
                "mime-types": {
                  "version": "2.1.15",
                  "from": "mime-types@>=2.1.15 <2.2.0",
                  "resolved": "https://registry.npmjs.org/mime-types/-/mime-types-2.1.15.tgz",
                  "dependencies": {
                    "mime-db": {
                      "version": "1.27.0",
                      "from": "mime-db@>=1.27.0 <1.28.0",
                      "resolved": "https://registry.npmjs.org/mime-db/-/mime-db-1.27.0.tgz"
                    }
                  }
                }
              }
            }
          }
        },
        "cors": {
          "version": "2.8.1",
          "from": "cors@2.8.1",
          "resolved": "https://registry.npmjs.org/cors/-/cors-2.8.1.tgz",
          "dependencies": {
            "vary": {
              "version": "1.1.1",
              "from": "vary@>=1.0.0 <2.0.0",
              "resolved": "https://registry.npmjs.org/vary/-/vary-1.1.1.tgz"
            }
          }
        },
        "pg": {
          "version": "6.0.1",
          "from": "pg@6.0.1",
          "resolved": "https://registry.npmjs.org/pg/-/pg-6.0.1.tgz",
          "dependencies": {
            "buffer-writer": {
              "version": "1.0.1",
              "from": "buffer-writer@1.0.1",
              "resolved": "https://registry.npmjs.org/buffer-writer/-/buffer-writer-1.0.1.tgz"
            },
            "packet-reader": {
              "version": "0.2.0",
              "from": "packet-reader@0.2.0",
              "resolved": "https://registry.npmjs.org/packet-reader/-/packet-reader-0.2.0.tgz"
            },
            "pg-connection-string": {
              "version": "0.1.3",
              "from": "pg-connection-string@0.1.3",
              "resolved": "https://registry.npmjs.org/pg-connection-string/-/pg-connection-string-0.1.3.tgz"
            },
            "pg-pool": {
              "version": "1.7.1",
              "from": "pg-pool@>=1.0.0 <2.0.0",
              "resolved": "https://registry.npmjs.org/pg-pool/-/pg-pool-1.7.1.tgz",
              "dependencies": {
                "generic-pool": {
                  "version": "2.4.3",
                  "from": "generic-pool@2.4.3",
                  "resolved": "https://registry.npmjs.org/generic-pool/-/generic-pool-2.4.3.tgz"
                },
                "object-assign": {
                  "version": "4.1.0",
                  "from": "object-assign@4.1.0",
                  "resolved": "https://registry.npmjs.org/object-assign/-/object-assign-4.1.0.tgz"
                }
              }
            },
            "pg-types": {
              "version": "1.11.0",
              "from": "pg-types@>=1.0.0 <2.0.0",
              "resolved": "https://registry.npmjs.org/pg-types/-/pg-types-1.11.0.tgz",
              "dependencies": {
                "ap": {
                  "version": "0.2.0",
                  "from": "ap@>=0.2.0 <0.3.0",
                  "resolved": "https://registry.npmjs.org/ap/-/ap-0.2.0.tgz"
                },
                "postgres-array": {
                  "version": "1.0.2",
                  "from": "postgres-array@>=1.0.0 <1.1.0",
                  "resolved": "https://registry.npmjs.org/postgres-array/-/postgres-array-1.0.2.tgz"
                },
                "postgres-bytea": {
                  "version": "1.0.0",
                  "from": "postgres-bytea@>=1.0.0 <1.1.0",
                  "resolved": "https://registry.npmjs.org/postgres-bytea/-/postgres-bytea-1.0.0.tgz"
                },
                "postgres-date": {
                  "version": "1.0.3",
                  "from": "postgres-date@>=1.0.0 <1.1.0",
                  "resolved": "https://registry.npmjs.org/postgres-date/-/postgres-date-1.0.3.tgz"
                },
                "postgres-interval": {
                  "version": "1.0.2",
                  "from": "postgres-interval@>=1.0.0 <1.1.0",
                  "resolved": "https://registry.npmjs.org/postgres-interval/-/postgres-interval-1.0.2.tgz",
                  "dependencies": {
                    "xtend": {
                      "version": "4.0.1",
                      "from": "xtend@>=4.0.0 <5.0.0",
                      "resolved": "https://registry.npmjs.org/xtend/-/xtend-4.0.1.tgz"
                    }
                  }
                }
              }
            },
            "pgpass": {
              "version": "0.0.6",
              "from": "pgpass@0.0.6",
              "resolved": "https://registry.npmjs.org/pgpass/-/pgpass-0.0.6.tgz",
              "dependencies": {
                "split": {
                  "version": "1.0.0",
                  "from": "split@>=1.0.0 <2.0.0",
                  "resolved": "https://registry.npmjs.org/split/-/split-1.0.0.tgz",
                  "dependencies": {
                    "through": {
                      "version": "2.3.8",
                      "from": "through@>=2.0.0 <3.0.0",
                      "resolved": "https://registry.npmjs.org/through/-/through-2.3.8.tgz"
                    }
                  }
                }
              }
            },
            "semver": {
              "version": "4.3.2",
              "from": "semver@4.3.2",
              "resolved": "https://registry.npmjs.org/semver/-/semver-4.3.2.tgz"
            }
          }
        },
        "pg-hstore": {
          "version": "2.3.2",
          "from": "pg-hstore@2.3.2",
          "resolved": "https://registry.npmjs.org/pg-hstore/-/pg-hstore-2.3.2.tgz",
          "dependencies": {
            "underscore": {
              "version": "1.8.3",
              "from": "underscore@>=1.7.0 <2.0.0",
              "resolved": "https://registry.npmjs.org/underscore/-/underscore-1.8.3.tgz"
            }
          }
        },
        "sequelize": {
          "version": "3.23.4",
          "from": "sequelize@3.23.4",
          "resolved": "https://registry.npmjs.org/sequelize/-/sequelize-3.23.4.tgz",
          "dependencies": {
            "depd": {
              "version": "1.1.0",
              "from": "depd@>=1.1.0 <2.0.0",
              "resolved": "https://registry.npmjs.org/depd/-/depd-1.1.0.tgz"
            },
            "dottie": {
              "version": "1.1.1",
              "from": "dottie@>=1.0.0 <2.0.0",
              "resolved": "https://registry.npmjs.org/dottie/-/dottie-1.1.1.tgz"
            },
            "generic-pool": {
              "version": "2.4.2",
              "from": "generic-pool@2.4.2",
              "resolved": "https://registry.npmjs.org/generic-pool/-/generic-pool-2.4.2.tgz"
            },
            "inflection": {
              "version": "1.12.0",
              "from": "inflection@>=1.6.0 <2.0.0",
              "resolved": "https://registry.npmjs.org/inflection/-/inflection-1.12.0.tgz"
            },
            "lodash": {
              "version": "4.12.0",
              "from": "lodash@4.12.0",
              "resolved": "https://registry.npmjs.org/lodash/-/lodash-4.12.0.tgz"
            },
            "moment-timezone": {
              "version": "0.5.13",
              "from": "moment-timezone@>=0.5.4 <0.6.0",
              "resolved": "https://registry.npmjs.org/moment-timezone/-/moment-timezone-0.5.13.tgz"
            },
            "node-uuid": {
              "version": "1.4.8",
              "from": "node-uuid@>=1.4.4 <1.5.0",
              "resolved": "https://registry.npmjs.org/node-uuid/-/node-uuid-1.4.8.tgz"
            },
            "retry-as-promised": {
              "version": "2.2.0",
              "from": "retry-as-promised@>=2.0.0 <3.0.0",
              "resolved": "https://registry.npmjs.org/retry-as-promised/-/retry-as-promised-2.2.0.tgz",
              "dependencies": {
                "bluebird": {
                  "version": "3.5.0",
                  "from": "bluebird@>=3.4.6 <4.0.0",
                  "resolved": "https://registry.npmjs.org/bluebird/-/bluebird-3.5.0.tgz"
                },
                "cross-env": {
                  "version": "3.2.4",
                  "from": "cross-env@>=3.1.2 <4.0.0",
                  "resolved": "https://registry.npmjs.org/cross-env/-/cross-env-3.2.4.tgz",
                  "dependencies": {
                    "cross-spawn": {
                      "version": "5.1.0",
                      "from": "cross-spawn@>=5.1.0 <6.0.0",
                      "resolved": "https://registry.npmjs.org/cross-spawn/-/cross-spawn-5.1.0.tgz",
                      "dependencies": {
                        "lru-cache": {
                          "version": "4.0.2",
                          "from": "lru-cache@>=4.0.1 <5.0.0",
                          "resolved": "https://registry.npmjs.org/lru-cache/-/lru-cache-4.0.2.tgz",
                          "dependencies": {
                            "pseudomap": {
                              "version": "1.0.2",
                              "from": "pseudomap@>=1.0.1 <2.0.0",
                              "resolved": "https://registry.npmjs.org/pseudomap/-/pseudomap-1.0.2.tgz"
                            },
                            "yallist": {
                              "version": "2.1.2",
                              "from": "yallist@>=2.0.0 <3.0.0",
                              "resolved": "https://registry.npmjs.org/yallist/-/yallist-2.1.2.tgz"
                            }
                          }
                        },
                        "shebang-command": {
                          "version": "1.2.0",
                          "from": "shebang-command@>=1.2.0 <2.0.0",
                          "resolved": "https://registry.npmjs.org/shebang-command/-/shebang-command-1.2.0.tgz",
                          "dependencies": {
                            "shebang-regex": {
                              "version": "1.0.0",
                              "from": "shebang-regex@>=1.0.0 <2.0.0",
                              "resolved": "https://registry.npmjs.org/shebang-regex/-/shebang-regex-1.0.0.tgz"
                            }
                          }
                        },
                        "which": {
                          "version": "1.2.14",
                          "from": "which@>=1.2.9 <2.0.0",
                          "resolved": "https://registry.npmjs.org/which/-/which-1.2.14.tgz",
                          "dependencies": {
                            "isexe": {
                              "version": "2.0.0",
                              "from": "isexe@>=2.0.0 <3.0.0",
                              "resolved": "https://registry.npmjs.org/isexe/-/isexe-2.0.0.tgz"
                            }
                          }
                        }
                      }
                    },
                    "is-windows": {
                      "version": "1.0.1",
                      "from": "is-windows@>=1.0.0 <2.0.0",
                      "resolved": "https://registry.npmjs.org/is-windows/-/is-windows-1.0.1.tgz"
                    }
                  }
                },
                "debug": {
                  "version": "2.6.6",
                  "from": "debug@>=2.2.0 <3.0.0",
                  "resolved": "https://registry.npmjs.org/debug/-/debug-2.6.6.tgz",
                  "dependencies": {
                    "ms": {
                      "version": "0.7.3",
                      "from": "ms@0.7.3",
                      "resolved": "https://registry.npmjs.org/ms/-/ms-0.7.3.tgz"
                    }
                  }
                }
              }
            },
            "semver": {
              "version": "5.3.0",
              "from": "semver@>=5.0.1 <6.0.0",
              "resolved": "https://registry.npmjs.org/semver/-/semver-5.3.0.tgz"
            },
            "shimmer": {
              "version": "1.1.0",
              "from": "shimmer@1.1.0",
              "resolved": "https://registry.npmjs.org/shimmer/-/shimmer-1.1.0.tgz"
            },
            "terraformer-wkt-parser": {
              "version": "1.1.2",
              "from": "terraformer-wkt-parser@>=1.1.0 <2.0.0",
              "resolved": "https://registry.npmjs.org/terraformer-wkt-parser/-/terraformer-wkt-parser-1.1.2.tgz",
              "dependencies": {
                "terraformer": {
                  "version": "1.0.8",
                  "from": "terraformer@>=1.0.5 <1.1.0",
                  "resolved": "https://registry.npmjs.org/terraformer/-/terraformer-1.0.8.tgz",
                  "dependencies": {
                    "@types/geojson": {
                      "version": "1.0.2",
                      "from": "@types/geojson@>=1.0.0 <2.0.0",
                      "resolved": "https://registry.npmjs.org/@types/geojson/-/geojson-1.0.2.tgz"
                    }
                  }
                }
              }
            },
            "toposort-class": {
              "version": "1.0.1",
              "from": "toposort-class@>=1.0.1 <2.0.0",
              "resolved": "https://registry.npmjs.org/toposort-class/-/toposort-class-1.0.1.tgz"
            },
            "validator": {
              "version": "5.7.0",
              "from": "validator@>=5.2.0 <6.0.0",
              "resolved": "https://registry.npmjs.org/validator/-/validator-5.7.0.tgz"
            },
            "wkx": {
              "version": "0.2.0",
              "from": "wkx@0.2.0",
              "resolved": "https://registry.npmjs.org/wkx/-/wkx-0.2.0.tgz"
            }
          }
        }
      }
    }
  }
}
